{
  "nodes": {
    "nixpkgs": {
      "locked": {
        "lastModified": 1681873504,
        "narHash": "sha256-8Ln5+boeyFyqJvxiZGhAQNFjOERuLfJP2+9trm0HPrI=",
        "owner": "NixOS",
        "repo": "nixpkgs",
        "rev": "a12249c541dbc06c723d62f5a45961ec8577e323",
        "type": "github"
      },
      "original": {
        "owner": "NixOS",
        "ref": "release-22.11",
        "repo": "nixpkgs",
        "type": "github"
      }
    },
    "root": {
      "inputs": {
        "nixpkgs": "nixpkgs"
      }
    }
  },
  "root": "root",
  "version": 7
}
