{
  "nodes": {
    "nixpkgs": {
      "locked": {
        "lastModified": 1679920840,
        "narHash": "sha256-X4Yh21l4/7Zzr07boo/vzyx5mFXUZsPaKq8BaOygakQ=",
        "owner": "euank",
        "repo": "nixpkgs",
        "rev": "aaf4e837c3ac98c38987be558abf26027d6d8172",
        "type": "github"
      },
      "original": {
        "owner": "euank",
        "ref": "test-anki-wayland",
        "repo": "nixpkgs",
        "type": "github"
      }
    },
    "root": {
      "inputs": {
        "nixpkgs": "nixpkgs"
      }
    }
  },
  "root": "root",
  "version": 7
}
