{
  "nodes": {
    "nixpkgs": {
      "locked": {
        "lastModified": 1679391055,
        "narHash": "sha256-uUEHAqfXb45E9D4WD+lWFmJP1oBF5J3DMtZq4ZEyOsY=",
        "owner": "euank",
        "repo": "nixpkgs",
        "rev": "4ea194e5490b44bbf692d52510fb5a0ca8aa7626",
        "type": "github"
      },
      "original": {
        "owner": "euank",
        "ref": "anki-native",
        "repo": "nixpkgs",
        "type": "github"
      }
    },
    "root": {
      "inputs": {
        "nixpkgs": "nixpkgs"
      }
    }
  },
  "root": "root",
  "version": 7
}
